// !$*UTF8*$!
{
	archiveVersion = 1;
	classes = {
	};
	objectVersion = 52;
	objects = {

/* Begin PBXBuildFile section */
		9001352E277D24A1006A5385 /* Feature.swift in Sources */ = {isa = PBXBuildFile; fileRef = 9001352D277D24A1006A5385 /* Feature.swift */; };
		9014F2102506615500317AC4 /* GameAnalysis.swift in Sources */ = {isa = PBXBuildFile; fileRef = 9014F20F2506615500317AC4 /* GameAnalysis.swift */; };
		901D4EA127A2107600E1932B /* Analyzer.swift in Sources */ = {isa = PBXBuildFile; fileRef = 901D4EA027A2107600E1932B /* Analyzer.swift */; };
		9020A598279F696500BB8939 /* BlackLocations.swift in Sources */ = {isa = PBXBuildFile; fileRef = 9020A597279F696500BB8939 /* BlackLocations.swift */; };
		9020A59A279F6A2D00BB8939 /* WhiteLocations.swift in Sources */ = {isa = PBXBuildFile; fileRef = 9020A599279F6A2D00BB8939 /* WhiteLocations.swift */; };
		9020A59C279F6A4A00BB8939 /* AllowedLocations.swift in Sources */ = {isa = PBXBuildFile; fileRef = 9020A59B279F6A4A00BB8939 /* AllowedLocations.swift */; };
		9020A59E279F6A6B00BB8939 /* Intersections.swift in Sources */ = {isa = PBXBuildFile; fileRef = 9020A59D279F6A6B00BB8939 /* Intersections.swift */; };
		9020A5A0279F6DD300BB8939 /* LibertyLocations.swift in Sources */ = {isa = PBXBuildFile; fileRef = 9020A59F279F6DD300BB8939 /* LibertyLocations.swift */; };
		9020A5A2279F6E3800BB8939 /* GroupLocations.swift in Sources */ = {isa = PBXBuildFile; fileRef = 9020A5A1279F6E3800BB8939 /* GroupLocations.swift */; };
		9020A5A4279F705C00BB8939 /* AnalyzerScene.swift in Sources */ = {isa = PBXBuildFile; fileRef = 9020A5A3279F705C00BB8939 /* AnalyzerScene.swift */; };
		9020A5A6279F712F00BB8939 /* AnalyzerViewController.swift in Sources */ = {isa = PBXBuildFile; fileRef = 9020A5A5279F712F00BB8939 /* AnalyzerViewController.swift */; };
		902976B425BA37AB000AFF26 /* SGFHelper.swift in Sources */ = {isa = PBXBuildFile; fileRef = 902976B325BA37AB000AFF26 /* SGFHelper.swift */; };
		904074E72504514B006307AB /* KataGoEngine.swift in Sources */ = {isa = PBXBuildFile; fileRef = 904074E62504514B006307AB /* KataGoEngine.swift */; };
		9044CABD24EC8D56007D90E8 /* Play.swift in Sources */ = {isa = PBXBuildFile; fileRef = 9044CABC24EC8D56007D90E8 /* Play.swift */; };
		904F6F31250052FB00B9345F /* GameAnalyzer.swift in Sources */ = {isa = PBXBuildFile; fileRef = 904F6F30250052FB00B9345F /* GameAnalyzer.swift */; };
		90574A8524EB3E2F005230AF /* GameDelegate.swift in Sources */ = {isa = PBXBuildFile; fileRef = 90574A8424EB3E2F005230AF /* GameDelegate.swift */; };
		9064DEEF25A3D33C001E4865 /* Score.swift in Sources */ = {isa = PBXBuildFile; fileRef = 9064DEEE25A3D33C001E4865 /* Score.swift */; };
		9083F59424F5BDEC00CB26F7 /* gtp.c in Sources */ = {isa = PBXBuildFile; fileRef = 9083F59324F5BDEC00CB26F7 /* gtp.c */; };
		9089FC5325BB9A7400FBC0CC /* SmartGameFormat_Swift in Frameworks */ = {isa = PBXBuildFile; productRef = 9089FC5225BB9A7400FBC0CC /* SmartGameFormat_Swift */; };
		90989F2C24E89DE70088555C /* Game.swift in Sources */ = {isa = PBXBuildFile; fileRef = 90989F2B24E89DE70088555C /* Game.swift */; };
		909AD60E2501A67900C15E45 /* KataGoRequest.swift in Sources */ = {isa = PBXBuildFile; fileRef = 909AD60D2501A67900C15E45 /* KataGoRequest.swift */; };
		90A6846C256C7667006E2BC3 /* Group.swift in Sources */ = {isa = PBXBuildFile; fileRef = 90A6846B256C7667006E2BC3 /* Group.swift */; };
		90A68477256C8376006E2BC3 /* Neighbor.swift in Sources */ = {isa = PBXBuildFile; fileRef = 90A68476256C8376006E2BC3 /* Neighbor.swift */; };
		90AE908E2573125E009366F1 /* GroupAnalyzer.swift in Sources */ = {isa = PBXBuildFile; fileRef = 90AE908D2573125E009366F1 /* GroupAnalyzer.swift */; };
		90C7D5092505685E00E05F47 /* Engine.swift in Sources */ = {isa = PBXBuildFile; fileRef = 90C7D5082505685E00E05F47 /* Engine.swift */; };
		90C7D50B250588D500E05F47 /* KataGoResponse.swift in Sources */ = {isa = PBXBuildFile; fileRef = 90C7D50A250588D500E05F47 /* KataGoResponse.swift */; };
		90C88A0A24DA241000B4E382 /* AppDelegate.swift in Sources */ = {isa = PBXBuildFile; fileRef = 90C88A0924DA241000B4E382 /* AppDelegate.swift */; };
		90C88A1024DA241000B4E382 /* GameScene.swift in Sources */ = {isa = PBXBuildFile; fileRef = 90C88A0F24DA241000B4E382 /* GameScene.swift */; };
		90C88A1224DA241000B4E382 /* ViewController.swift in Sources */ = {isa = PBXBuildFile; fileRef = 90C88A1124DA241000B4E382 /* ViewController.swift */; };
		90C88A1424DA241200B4E382 /* Assets.xcassets in Resources */ = {isa = PBXBuildFile; fileRef = 90C88A1324DA241200B4E382 /* Assets.xcassets */; };
		90C88A1724DA241200B4E382 /* Main.storyboard in Resources */ = {isa = PBXBuildFile; fileRef = 90C88A1524DA241200B4E382 /* Main.storyboard */; };
		90C88A2324DA241200B4E382 /* GoTests.swift in Sources */ = {isa = PBXBuildFile; fileRef = 90C88A2224DA241200B4E382 /* GoTests.swift */; };
		90C88A2E24DA241200B4E382 /* GoUITests.swift in Sources */ = {isa = PBXBuildFile; fileRef = 90C88A2D24DA241200B4E382 /* GoUITests.swift */; };
		90C88A3C24DA248500B4E382 /* GoBoard.swift in Sources */ = {isa = PBXBuildFile; fileRef = 90C88A3B24DA248500B4E382 /* GoBoard.swift */; };
		90C88A3F24DA252500B4E382 /* Player.swift in Sources */ = {isa = PBXBuildFile; fileRef = 90C88A3E24DA252500B4E382 /* Player.swift */; };
		90C88A4124DA259900B4E382 /* Stone.swift in Sources */ = {isa = PBXBuildFile; fileRef = 90C88A4024DA259900B4E382 /* Stone.swift */; };
		90C88A4324DA25F100B4E382 /* Intersection.swift in Sources */ = {isa = PBXBuildFile; fileRef = 90C88A4224DA25F100B4E382 /* Intersection.swift */; };
		90C88A4524DA2F3700B4E382 /* GameClock.swift in Sources */ = {isa = PBXBuildFile; fileRef = 90C88A4424DA2F3700B4E382 /* GameClock.swift */; };
		90CA915424F483AF0057468D /* GTP.swift in Sources */ = {isa = PBXBuildFile; fileRef = 90CA915324F483AF0057468D /* GTP.swift */; };
		90F4E44A27A35E6E00144DE1 /* SequenceLocations.swift in Sources */ = {isa = PBXBuildFile; fileRef = 90F4E44927A35E6E00144DE1 /* SequenceLocations.swift */; };
		90F6EF8824EA07BA00BBCE17 /* GoBoard.xcassets in Resources */ = {isa = PBXBuildFile; fileRef = 90F6EF8724EA07BA00BBCE17 /* GoBoard.xcassets */; };
		90FF7ADC27A5FE3F0088E00A /* RemovedBlackLocations.swift in Sources */ = {isa = PBXBuildFile; fileRef = 90FF7ADB27A5FE3F0088E00A /* RemovedBlackLocations.swift */; };
		90FF7ADE27A5FEE20088E00A /* RemovedWhiteLocations.swift in Sources */ = {isa = PBXBuildFile; fileRef = 90FF7ADD27A5FEE20088E00A /* RemovedWhiteLocations.swift */; };
/* End PBXBuildFile section */

/* Begin PBXContainerItemProxy section */
		90C88A1F24DA241200B4E382 /* PBXContainerItemProxy */ = {
			isa = PBXContainerItemProxy;
			containerPortal = 90C889FE24DA241000B4E382 /* Project object */;
			proxyType = 1;
			remoteGlobalIDString = 90C88A0524DA241000B4E382;
			remoteInfo = Go;
		};
		90C88A2A24DA241200B4E382 /* PBXContainerItemProxy */ = {
			isa = PBXContainerItemProxy;
			containerPortal = 90C889FE24DA241000B4E382 /* Project object */;
			proxyType = 1;
			remoteGlobalIDString = 90C88A0524DA241000B4E382;
			remoteInfo = Go;
		};
/* End PBXContainerItemProxy section */

/* Begin PBXFileReference section */
		9001352D277D24A1006A5385 /* Feature.swift */ = {isa = PBXFileReference; lastKnownFileType = sourcecode.swift; path = Feature.swift; sourceTree = "<group>"; };
		9014F20F2506615500317AC4 /* GameAnalysis.swift */ = {isa = PBXFileReference; lastKnownFileType = sourcecode.swift; path = GameAnalysis.swift; sourceTree = "<group>"; };
		901D4EA027A2107600E1932B /* Analyzer.swift */ = {isa = PBXFileReference; lastKnownFileType = sourcecode.swift; path = Analyzer.swift; sourceTree = "<group>"; };
		9020A597279F696500BB8939 /* BlackLocations.swift */ = {isa = PBXFileReference; lastKnownFileType = sourcecode.swift; path = BlackLocations.swift; sourceTree = "<group>"; };
		9020A599279F6A2D00BB8939 /* WhiteLocations.swift */ = {isa = PBXFileReference; lastKnownFileType = sourcecode.swift; path = WhiteLocations.swift; sourceTree = "<group>"; };
		9020A59B279F6A4A00BB8939 /* AllowedLocations.swift */ = {isa = PBXFileReference; lastKnownFileType = sourcecode.swift; path = AllowedLocations.swift; sourceTree = "<group>"; };
		9020A59D279F6A6B00BB8939 /* Intersections.swift */ = {isa = PBXFileReference; lastKnownFileType = sourcecode.swift; path = Intersections.swift; sourceTree = "<group>"; };
		9020A59F279F6DD300BB8939 /* LibertyLocations.swift */ = {isa = PBXFileReference; lastKnownFileType = sourcecode.swift; path = LibertyLocations.swift; sourceTree = "<group>"; };
		9020A5A1279F6E3800BB8939 /* GroupLocations.swift */ = {isa = PBXFileReference; lastKnownFileType = sourcecode.swift; path = GroupLocations.swift; sourceTree = "<group>"; };
		9020A5A3279F705C00BB8939 /* AnalyzerScene.swift */ = {isa = PBXFileReference; lastKnownFileType = sourcecode.swift; path = AnalyzerScene.swift; sourceTree = "<group>"; };
		9020A5A5279F712F00BB8939 /* AnalyzerViewController.swift */ = {isa = PBXFileReference; lastKnownFileType = sourcecode.swift; path = AnalyzerViewController.swift; sourceTree = "<group>"; };
		902976B325BA37AB000AFF26 /* SGFHelper.swift */ = {isa = PBXFileReference; lastKnownFileType = sourcecode.swift; path = SGFHelper.swift; sourceTree = "<group>"; };
		904074E62504514B006307AB /* KataGoEngine.swift */ = {isa = PBXFileReference; lastKnownFileType = sourcecode.swift; path = KataGoEngine.swift; sourceTree = "<group>"; };
		9044CABC24EC8D56007D90E8 /* Play.swift */ = {isa = PBXFileReference; lastKnownFileType = sourcecode.swift; path = Play.swift; sourceTree = "<group>"; };
		904F6F30250052FB00B9345F /* GameAnalyzer.swift */ = {isa = PBXFileReference; lastKnownFileType = sourcecode.swift; path = GameAnalyzer.swift; sourceTree = "<group>"; };
		90574A8424EB3E2F005230AF /* GameDelegate.swift */ = {isa = PBXFileReference; lastKnownFileType = sourcecode.swift; path = GameDelegate.swift; sourceTree = "<group>"; };
		9064DEEE25A3D33C001E4865 /* Score.swift */ = {isa = PBXFileReference; lastKnownFileType = sourcecode.swift; path = Score.swift; sourceTree = "<group>"; };
		9083F59124F5BDEC00CB26F7 /* Go-Bridging-Header.h */ = {isa = PBXFileReference; lastKnownFileType = sourcecode.c.h; path = "Go-Bridging-Header.h"; sourceTree = "<group>"; };
		9083F59224F5BDEC00CB26F7 /* gtp.h */ = {isa = PBXFileReference; lastKnownFileType = sourcecode.c.h; path = gtp.h; sourceTree = "<group>"; };
		9083F59324F5BDEC00CB26F7 /* gtp.c */ = {isa = PBXFileReference; lastKnownFileType = sourcecode.c.c; path = gtp.c; sourceTree = "<group>"; };
		90989F2B24E89DE70088555C /* Game.swift */ = {isa = PBXFileReference; lastKnownFileType = sourcecode.swift; path = Game.swift; sourceTree = "<group>"; };
		909AD60D2501A67900C15E45 /* KataGoRequest.swift */ = {isa = PBXFileReference; lastKnownFileType = sourcecode.swift; path = KataGoRequest.swift; sourceTree = "<group>"; };
		90A6846B256C7667006E2BC3 /* Group.swift */ = {isa = PBXFileReference; lastKnownFileType = sourcecode.swift; path = Group.swift; sourceTree = "<group>"; };
		90A68476256C8376006E2BC3 /* Neighbor.swift */ = {isa = PBXFileReference; lastKnownFileType = sourcecode.swift; path = Neighbor.swift; sourceTree = "<group>"; };
		90AE908D2573125E009366F1 /* GroupAnalyzer.swift */ = {isa = PBXFileReference; lastKnownFileType = sourcecode.swift; path = GroupAnalyzer.swift; sourceTree = "<group>"; };
		90C7D5082505685E00E05F47 /* Engine.swift */ = {isa = PBXFileReference; lastKnownFileType = sourcecode.swift; path = Engine.swift; sourceTree = "<group>"; };
		90C7D50A250588D500E05F47 /* KataGoResponse.swift */ = {isa = PBXFileReference; lastKnownFileType = sourcecode.swift; path = KataGoResponse.swift; sourceTree = "<group>"; };
		90C88A0624DA241000B4E382 /* Go.app */ = {isa = PBXFileReference; explicitFileType = wrapper.application; includeInIndex = 0; path = Go.app; sourceTree = BUILT_PRODUCTS_DIR; };
		90C88A0924DA241000B4E382 /* AppDelegate.swift */ = {isa = PBXFileReference; lastKnownFileType = sourcecode.swift; path = AppDelegate.swift; sourceTree = "<group>"; };
		90C88A0F24DA241000B4E382 /* GameScene.swift */ = {isa = PBXFileReference; lastKnownFileType = sourcecode.swift; path = GameScene.swift; sourceTree = "<group>"; };
		90C88A1124DA241000B4E382 /* ViewController.swift */ = {isa = PBXFileReference; lastKnownFileType = sourcecode.swift; path = ViewController.swift; sourceTree = "<group>"; };
		90C88A1324DA241200B4E382 /* Assets.xcassets */ = {isa = PBXFileReference; lastKnownFileType = folder.assetcatalog; path = Assets.xcassets; sourceTree = "<group>"; };
		90C88A1624DA241200B4E382 /* Base */ = {isa = PBXFileReference; lastKnownFileType = file.storyboard; name = Base; path = Base.lproj/Main.storyboard; sourceTree = "<group>"; };
		90C88A1824DA241200B4E382 /* Info.plist */ = {isa = PBXFileReference; lastKnownFileType = text.plist.xml; path = Info.plist; sourceTree = "<group>"; };
		90C88A1924DA241200B4E382 /* Go.entitlements */ = {isa = PBXFileReference; lastKnownFileType = text.plist.entitlements; path = Go.entitlements; sourceTree = "<group>"; };
		90C88A1E24DA241200B4E382 /* GoTests.xctest */ = {isa = PBXFileReference; explicitFileType = wrapper.cfbundle; includeInIndex = 0; path = GoTests.xctest; sourceTree = BUILT_PRODUCTS_DIR; };
		90C88A2224DA241200B4E382 /* GoTests.swift */ = {isa = PBXFileReference; lastKnownFileType = sourcecode.swift; path = GoTests.swift; sourceTree = "<group>"; };
		90C88A2424DA241200B4E382 /* Info.plist */ = {isa = PBXFileReference; lastKnownFileType = text.plist.xml; path = Info.plist; sourceTree = "<group>"; };
		90C88A2924DA241200B4E382 /* GoUITests.xctest */ = {isa = PBXFileReference; explicitFileType = wrapper.cfbundle; includeInIndex = 0; path = GoUITests.xctest; sourceTree = BUILT_PRODUCTS_DIR; };
		90C88A2D24DA241200B4E382 /* GoUITests.swift */ = {isa = PBXFileReference; lastKnownFileType = sourcecode.swift; path = GoUITests.swift; sourceTree = "<group>"; };
		90C88A2F24DA241200B4E382 /* Info.plist */ = {isa = PBXFileReference; lastKnownFileType = text.plist.xml; path = Info.plist; sourceTree = "<group>"; };
		90C88A3B24DA248500B4E382 /* GoBoard.swift */ = {isa = PBXFileReference; lastKnownFileType = sourcecode.swift; path = GoBoard.swift; sourceTree = "<group>"; };
		90C88A3E24DA252500B4E382 /* Player.swift */ = {isa = PBXFileReference; lastKnownFileType = sourcecode.swift; path = Player.swift; sourceTree = "<group>"; };
		90C88A4024DA259900B4E382 /* Stone.swift */ = {isa = PBXFileReference; lastKnownFileType = sourcecode.swift; path = Stone.swift; sourceTree = "<group>"; };
		90C88A4224DA25F100B4E382 /* Intersection.swift */ = {isa = PBXFileReference; lastKnownFileType = sourcecode.swift; path = Intersection.swift; sourceTree = "<group>"; };
		90C88A4424DA2F3700B4E382 /* GameClock.swift */ = {isa = PBXFileReference; lastKnownFileType = sourcecode.swift; path = GameClock.swift; sourceTree = "<group>"; };
		90CA915324F483AF0057468D /* GTP.swift */ = {isa = PBXFileReference; lastKnownFileType = sourcecode.swift; path = GTP.swift; sourceTree = "<group>"; };
		90F4E44927A35E6E00144DE1 /* SequenceLocations.swift */ = {isa = PBXFileReference; lastKnownFileType = sourcecode.swift; path = SequenceLocations.swift; sourceTree = "<group>"; };
		90F6EF8724EA07BA00BBCE17 /* GoBoard.xcassets */ = {isa = PBXFileReference; lastKnownFileType = folder.assetcatalog; path = GoBoard.xcassets; sourceTree = "<group>"; };
		90FF7ADB27A5FE3F0088E00A /* RemovedBlackLocations.swift */ = {isa = PBXFileReference; lastKnownFileType = sourcecode.swift; path = RemovedBlackLocations.swift; sourceTree = "<group>"; };
		90FF7ADD27A5FEE20088E00A /* RemovedWhiteLocations.swift */ = {isa = PBXFileReference; lastKnownFileType = sourcecode.swift; path = RemovedWhiteLocations.swift; sourceTree = "<group>"; };
/* End PBXFileReference section */

/* Begin PBXFrameworksBuildPhase section */
		90C88A0324DA241000B4E382 /* Frameworks */ = {
			isa = PBXFrameworksBuildPhase;
			buildActionMask = 2147483647;
			files = (
				9089FC5325BB9A7400FBC0CC /* SmartGameFormat_Swift in Frameworks */,
			);
			runOnlyForDeploymentPostprocessing = 0;
		};
		90C88A1B24DA241200B4E382 /* Frameworks */ = {
			isa = PBXFrameworksBuildPhase;
			buildActionMask = 2147483647;
			files = (
			);
			runOnlyForDeploymentPostprocessing = 0;
		};
		90C88A2624DA241200B4E382 /* Frameworks */ = {
			isa = PBXFrameworksBuildPhase;
			buildActionMask = 2147483647;
			files = (
			);
			runOnlyForDeploymentPostprocessing = 0;
		};
/* End PBXFrameworksBuildPhase section */

/* Begin PBXGroup section */
		9020A596279F68A400BB8939 /* Feature */ = {
			isa = PBXGroup;
			children = (
				9020A59D279F6A6B00BB8939 /* Intersections.swift */,
				9020A59B279F6A4A00BB8939 /* AllowedLocations.swift */,
				9020A597279F696500BB8939 /* BlackLocations.swift */,
				9020A599279F6A2D00BB8939 /* WhiteLocations.swift */,
				9020A59F279F6DD300BB8939 /* LibertyLocations.swift */,
				9020A5A1279F6E3800BB8939 /* GroupLocations.swift */,
				90F4E44927A35E6E00144DE1 /* SequenceLocations.swift */,
				90FF7ADB27A5FE3F0088E00A /* RemovedBlackLocations.swift */,
				90FF7ADD27A5FEE20088E00A /* RemovedWhiteLocations.swift */,
			);
			path = Feature;
			sourceTree = "<group>";
		};
		904074E525045135006307AB /* KataGo */ = {
			isa = PBXGroup;
			children = (
				904074E62504514B006307AB /* KataGoEngine.swift */,
				909AD60D2501A67900C15E45 /* KataGoRequest.swift */,
				90C7D50A250588D500E05F47 /* KataGoResponse.swift */,
			);
			path = KataGo;
			sourceTree = "<group>";
		};
		9083F59024F5BDC700CB26F7 /* GTP */ = {
			isa = PBXGroup;
			children = (
				9083F59224F5BDEC00CB26F7 /* gtp.h */,
				9083F59324F5BDEC00CB26F7 /* gtp.c */,
				9083F59124F5BDEC00CB26F7 /* Go-Bridging-Header.h */,
			);
			path = GTP;
			sourceTree = "<group>";
		};
		90C889FD24DA241000B4E382 = {
			isa = PBXGroup;
			children = (
				90C88A0824DA241000B4E382 /* Go */,
				90C88A2124DA241200B4E382 /* GoTests */,
				90C88A2C24DA241200B4E382 /* GoUITests */,
				90C88A0724DA241000B4E382 /* Products */,
			);
			sourceTree = "<group>";
		};
		90C88A0724DA241000B4E382 /* Products */ = {
			isa = PBXGroup;
			children = (
				90C88A0624DA241000B4E382 /* Go.app */,
				90C88A1E24DA241200B4E382 /* GoTests.xctest */,
				90C88A2924DA241200B4E382 /* GoUITests.xctest */,
			);
			name = Products;
			sourceTree = "<group>";
		};
		90C88A0824DA241000B4E382 /* Go */ = {
			isa = PBXGroup;
			children = (
				904074E525045135006307AB /* KataGo */,
				9083F59024F5BDC700CB26F7 /* GTP */,
				90C88A3D24DA249200B4E382 /* Model */,
				90C88A0924DA241000B4E382 /* AppDelegate.swift */,
				9020A5A3279F705C00BB8939 /* AnalyzerScene.swift */,
				90574A8424EB3E2F005230AF /* GameDelegate.swift */,
				90C88A0F24DA241000B4E382 /* GameScene.swift */,
				90C88A1124DA241000B4E382 /* ViewController.swift */,
				9020A5A5279F712F00BB8939 /* AnalyzerViewController.swift */,
				90C88A1324DA241200B4E382 /* Assets.xcassets */,
				90C88A1524DA241200B4E382 /* Main.storyboard */,
				90C88A1824DA241200B4E382 /* Info.plist */,
				90C88A1924DA241200B4E382 /* Go.entitlements */,
				90F6EF8724EA07BA00BBCE17 /* GoBoard.xcassets */,
			);
			path = Go;
			sourceTree = "<group>";
		};
		90C88A2124DA241200B4E382 /* GoTests */ = {
			isa = PBXGroup;
			children = (
				90C88A2224DA241200B4E382 /* GoTests.swift */,
				90C88A2424DA241200B4E382 /* Info.plist */,
			);
			path = GoTests;
			sourceTree = "<group>";
		};
		90C88A2C24DA241200B4E382 /* GoUITests */ = {
			isa = PBXGroup;
			children = (
				90C88A2D24DA241200B4E382 /* GoUITests.swift */,
				90C88A2F24DA241200B4E382 /* Info.plist */,
			);
			path = GoUITests;
			sourceTree = "<group>";
		};
		90C88A3D24DA249200B4E382 /* Model */ = {
			isa = PBXGroup;
			children = (
				9020A596279F68A400BB8939 /* Feature */,
				90C88A3B24DA248500B4E382 /* GoBoard.swift */,
				90C88A3E24DA252500B4E382 /* Player.swift */,
				90C88A4024DA259900B4E382 /* Stone.swift */,
				90C88A4224DA25F100B4E382 /* Intersection.swift */,
				90C88A4424DA2F3700B4E382 /* GameClock.swift */,
				90989F2B24E89DE70088555C /* Game.swift */,
				9044CABC24EC8D56007D90E8 /* Play.swift */,
				90CA915324F483AF0057468D /* GTP.swift */,
				904F6F30250052FB00B9345F /* GameAnalyzer.swift */,
				90C7D5082505685E00E05F47 /* Engine.swift */,
				9014F20F2506615500317AC4 /* GameAnalysis.swift */,
				90A6846B256C7667006E2BC3 /* Group.swift */,
				90A68476256C8376006E2BC3 /* Neighbor.swift */,
				901D4EA027A2107600E1932B /* Analyzer.swift */,
				90AE908D2573125E009366F1 /* GroupAnalyzer.swift */,
				9064DEEE25A3D33C001E4865 /* Score.swift */,
				902976B325BA37AB000AFF26 /* SGFHelper.swift */,
				9001352D277D24A1006A5385 /* Feature.swift */,
			);
			path = Model;
			sourceTree = "<group>";
		};
/* End PBXGroup section */

/* Begin PBXNativeTarget section */
		90C88A0524DA241000B4E382 /* Go */ = {
			isa = PBXNativeTarget;
			buildConfigurationList = 90C88A3224DA241200B4E382 /* Build configuration list for PBXNativeTarget "Go" */;
			buildPhases = (
				90C88A0224DA241000B4E382 /* Sources */,
				90C88A0324DA241000B4E382 /* Frameworks */,
				90C88A0424DA241000B4E382 /* Resources */,
			);
			buildRules = (
			);
			dependencies = (
			);
			name = Go;
			packageProductDependencies = (
				9089FC5225BB9A7400FBC0CC /* SmartGameFormat_Swift */,
			);
			productName = Go;
			productReference = 90C88A0624DA241000B4E382 /* Go.app */;
			productType = "com.apple.product-type.application";
		};
		90C88A1D24DA241200B4E382 /* GoTests */ = {
			isa = PBXNativeTarget;
			buildConfigurationList = 90C88A3524DA241200B4E382 /* Build configuration list for PBXNativeTarget "GoTests" */;
			buildPhases = (
				90C88A1A24DA241200B4E382 /* Sources */,
				90C88A1B24DA241200B4E382 /* Frameworks */,
				90C88A1C24DA241200B4E382 /* Resources */,
			);
			buildRules = (
			);
			dependencies = (
				90C88A2024DA241200B4E382 /* PBXTargetDependency */,
			);
			name = GoTests;
			productName = GoTests;
			productReference = 90C88A1E24DA241200B4E382 /* GoTests.xctest */;
			productType = "com.apple.product-type.bundle.unit-test";
		};
		90C88A2824DA241200B4E382 /* GoUITests */ = {
			isa = PBXNativeTarget;
			buildConfigurationList = 90C88A3824DA241200B4E382 /* Build configuration list for PBXNativeTarget "GoUITests" */;
			buildPhases = (
				90C88A2524DA241200B4E382 /* Sources */,
				90C88A2624DA241200B4E382 /* Frameworks */,
				90C88A2724DA241200B4E382 /* Resources */,
			);
			buildRules = (
			);
			dependencies = (
				90C88A2B24DA241200B4E382 /* PBXTargetDependency */,
			);
			name = GoUITests;
			productName = GoUITests;
			productReference = 90C88A2924DA241200B4E382 /* GoUITests.xctest */;
			productType = "com.apple.product-type.bundle.ui-testing";
		};
/* End PBXNativeTarget section */

/* Begin PBXProject section */
		90C889FE24DA241000B4E382 /* Project object */ = {
			isa = PBXProject;
			attributes = {
				LastSwiftUpdateCheck = 1160;
				LastUpgradeCheck = 1230;
				ORGANIZATIONNAME = "Jae Seung Lee";
				TargetAttributes = {
					90C88A0524DA241000B4E382 = {
						CreatedOnToolsVersion = 11.6;
						LastSwiftMigration = 1160;
					};
					90C88A1D24DA241200B4E382 = {
						CreatedOnToolsVersion = 11.6;
						TestTargetID = 90C88A0524DA241000B4E382;
					};
					90C88A2824DA241200B4E382 = {
						CreatedOnToolsVersion = 11.6;
						TestTargetID = 90C88A0524DA241000B4E382;
					};
				};
			};
			buildConfigurationList = 90C88A0124DA241000B4E382 /* Build configuration list for PBXProject "Go" */;
			compatibilityVersion = "Xcode 9.3";
			developmentRegion = en;
			hasScannedForEncodings = 0;
			knownRegions = (
				en,
				Base,
			);
			mainGroup = 90C889FD24DA241000B4E382;
			packageReferences = (
				9089FC5125BB9A7400FBC0CC /* XCRemoteSwiftPackageReference "SmartGameFormat_Swift" */,
			);
			productRefGroup = 90C88A0724DA241000B4E382 /* Products */;
			projectDirPath = "";
			projectRoot = "";
			targets = (
				90C88A0524DA241000B4E382 /* Go */,
				90C88A1D24DA241200B4E382 /* GoTests */,
				90C88A2824DA241200B4E382 /* GoUITests */,
			);
		};
/* End PBXProject section */

/* Begin PBXResourcesBuildPhase section */
		90C88A0424DA241000B4E382 /* Resources */ = {
			isa = PBXResourcesBuildPhase;
			buildActionMask = 2147483647;
			files = (
				90C88A1424DA241200B4E382 /* Assets.xcassets in Resources */,
				90F6EF8824EA07BA00BBCE17 /* GoBoard.xcassets in Resources */,
				90C88A1724DA241200B4E382 /* Main.storyboard in Resources */,
			);
			runOnlyForDeploymentPostprocessing = 0;
		};
		90C88A1C24DA241200B4E382 /* Resources */ = {
			isa = PBXResourcesBuildPhase;
			buildActionMask = 2147483647;
			files = (
			);
			runOnlyForDeploymentPostprocessing = 0;
		};
		90C88A2724DA241200B4E382 /* Resources */ = {
			isa = PBXResourcesBuildPhase;
			buildActionMask = 2147483647;
			files = (
			);
			runOnlyForDeploymentPostprocessing = 0;
		};
/* End PBXResourcesBuildPhase section */

/* Begin PBXSourcesBuildPhase section */
		90C88A0224DA241000B4E382 /* Sources */ = {
			isa = PBXSourcesBuildPhase;
			buildActionMask = 2147483647;
			files = (
				9014F2102506615500317AC4 /* GameAnalysis.swift in Sources */,
				90C88A4524DA2F3700B4E382 /* GameClock.swift in Sources */,
				9020A5A4279F705C00BB8939 /* AnalyzerScene.swift in Sources */,
				9020A59E279F6A6B00BB8939 /* Intersections.swift in Sources */,
				902976B425BA37AB000AFF26 /* SGFHelper.swift in Sources */,
				90989F2C24E89DE70088555C /* Game.swift in Sources */,
				9083F59424F5BDEC00CB26F7 /* gtp.c in Sources */,
				90C7D50B250588D500E05F47 /* KataGoResponse.swift in Sources */,
				90FF7ADE27A5FEE20088E00A /* RemovedWhiteLocations.swift in Sources */,
				90A6846C256C7667006E2BC3 /* Group.swift in Sources */,
				90C88A1224DA241000B4E382 /* ViewController.swift in Sources */,
				90A68477256C8376006E2BC3 /* Neighbor.swift in Sources */,
				901D4EA127A2107600E1932B /* Analyzer.swift in Sources */,
				90C88A1024DA241000B4E382 /* GameScene.swift in Sources */,
				9020A598279F696500BB8939 /* BlackLocations.swift in Sources */,
				9044CABD24EC8D56007D90E8 /* Play.swift in Sources */,
				909AD60E2501A67900C15E45 /* KataGoRequest.swift in Sources */,
				9020A59A279F6A2D00BB8939 /* WhiteLocations.swift in Sources */,
				9020A5A6279F712F00BB8939 /* AnalyzerViewController.swift in Sources */,
				9064DEEF25A3D33C001E4865 /* Score.swift in Sources */,
				90C7D5092505685E00E05F47 /* Engine.swift in Sources */,
				90C88A3C24DA248500B4E382 /* GoBoard.swift in Sources */,
				904F6F31250052FB00B9345F /* GameAnalyzer.swift in Sources */,
				90574A8524EB3E2F005230AF /* GameDelegate.swift in Sources */,
				90F4E44A27A35E6E00144DE1 /* SequenceLocations.swift in Sources */,
				9020A5A0279F6DD300BB8939 /* LibertyLocations.swift in Sources */,
				90FF7ADC27A5FE3F0088E00A /* RemovedBlackLocations.swift in Sources */,
				9001352E277D24A1006A5385 /* Feature.swift in Sources */,
				90AE908E2573125E009366F1 /* GroupAnalyzer.swift in Sources */,
				9020A59C279F6A4A00BB8939 /* AllowedLocations.swift in Sources */,
				904074E72504514B006307AB /* KataGoEngine.swift in Sources */,
				90C88A4124DA259900B4E382 /* Stone.swift in Sources */,
				90C88A3F24DA252500B4E382 /* Player.swift in Sources */,
				90C88A4324DA25F100B4E382 /* Intersection.swift in Sources */,
				90C88A0A24DA241000B4E382 /* AppDelegate.swift in Sources */,
				9020A5A2279F6E3800BB8939 /* GroupLocations.swift in Sources */,
				90CA915424F483AF0057468D /* GTP.swift in Sources */,
			);
			runOnlyForDeploymentPostprocessing = 0;
		};
		90C88A1A24DA241200B4E382 /* Sources */ = {
			isa = PBXSourcesBuildPhase;
			buildActionMask = 2147483647;
			files = (
				90C88A2324DA241200B4E382 /* GoTests.swift in Sources */,
			);
			runOnlyForDeploymentPostprocessing = 0;
		};
		90C88A2524DA241200B4E382 /* Sources */ = {
			isa = PBXSourcesBuildPhase;
			buildActionMask = 2147483647;
			files = (
				90C88A2E24DA241200B4E382 /* GoUITests.swift in Sources */,
			);
			runOnlyForDeploymentPostprocessing = 0;
		};
/* End PBXSourcesBuildPhase section */

/* Begin PBXTargetDependency section */
		90C88A2024DA241200B4E382 /* PBXTargetDependency */ = {
			isa = PBXTargetDependency;
			target = 90C88A0524DA241000B4E382 /* Go */;
			targetProxy = 90C88A1F24DA241200B4E382 /* PBXContainerItemProxy */;
		};
		90C88A2B24DA241200B4E382 /* PBXTargetDependency */ = {
			isa = PBXTargetDependency;
			target = 90C88A0524DA241000B4E382 /* Go */;
			targetProxy = 90C88A2A24DA241200B4E382 /* PBXContainerItemProxy */;
		};
/* End PBXTargetDependency section */

/* Begin PBXVariantGroup section */
		90C88A1524DA241200B4E382 /* Main.storyboard */ = {
			isa = PBXVariantGroup;
			children = (
				90C88A1624DA241200B4E382 /* Base */,
			);
			name = Main.storyboard;
			sourceTree = "<group>";
		};
/* End PBXVariantGroup section */

/* Begin XCBuildConfiguration section */
		90C88A3024DA241200B4E382 /* Debug */ = {
			isa = XCBuildConfiguration;
			buildSettings = {
				ALWAYS_SEARCH_USER_PATHS = NO;
				CLANG_ANALYZER_NONNULL = YES;
				CLANG_ANALYZER_NUMBER_OBJECT_CONVERSION = YES_AGGRESSIVE;
				CLANG_CXX_LANGUAGE_STANDARD = "gnu++14";
				CLANG_CXX_LIBRARY = "libc++";
				CLANG_ENABLE_MODULES = YES;
				CLANG_ENABLE_OBJC_ARC = YES;
				CLANG_ENABLE_OBJC_WEAK = YES;
				CLANG_WARN_BLOCK_CAPTURE_AUTORELEASING = YES;
				CLANG_WARN_BOOL_CONVERSION = YES;
				CLANG_WARN_COMMA = YES;
				CLANG_WARN_CONSTANT_CONVERSION = YES;
				CLANG_WARN_DEPRECATED_OBJC_IMPLEMENTATIONS = YES;
				CLANG_WARN_DIRECT_OBJC_ISA_USAGE = YES_ERROR;
				CLANG_WARN_DOCUMENTATION_COMMENTS = YES;
				CLANG_WARN_EMPTY_BODY = YES;
				CLANG_WARN_ENUM_CONVERSION = YES;
				CLANG_WARN_INFINITE_RECURSION = YES;
				CLANG_WARN_INT_CONVERSION = YES;
				CLANG_WARN_NON_LITERAL_NULL_CONVERSION = YES;
				CLANG_WARN_OBJC_IMPLICIT_RETAIN_SELF = YES;
				CLANG_WARN_OBJC_LITERAL_CONVERSION = YES;
				CLANG_WARN_OBJC_ROOT_CLASS = YES_ERROR;
				CLANG_WARN_QUOTED_INCLUDE_IN_FRAMEWORK_HEADER = YES;
				CLANG_WARN_RANGE_LOOP_ANALYSIS = YES;
				CLANG_WARN_STRICT_PROTOTYPES = YES;
				CLANG_WARN_SUSPICIOUS_MOVE = YES;
				CLANG_WARN_UNGUARDED_AVAILABILITY = YES_AGGRESSIVE;
				CLANG_WARN_UNREACHABLE_CODE = YES;
				CLANG_WARN__DUPLICATE_METHOD_MATCH = YES;
				COPY_PHASE_STRIP = NO;
				DEBUG_INFORMATION_FORMAT = dwarf;
				ENABLE_STRICT_OBJC_MSGSEND = YES;
				ENABLE_TESTABILITY = YES;
				GCC_C_LANGUAGE_STANDARD = gnu11;
				GCC_DYNAMIC_NO_PIC = NO;
				GCC_NO_COMMON_BLOCKS = YES;
				GCC_OPTIMIZATION_LEVEL = 0;
				GCC_PREPROCESSOR_DEFINITIONS = (
					"DEBUG=1",
					"$(inherited)",
				);
				GCC_WARN_64_TO_32_BIT_CONVERSION = YES;
				GCC_WARN_ABOUT_RETURN_TYPE = YES_ERROR;
				GCC_WARN_UNDECLARED_SELECTOR = YES;
				GCC_WARN_UNINITIALIZED_AUTOS = YES_AGGRESSIVE;
				GCC_WARN_UNUSED_FUNCTION = YES;
				GCC_WARN_UNUSED_VARIABLE = YES;
				MACOSX_DEPLOYMENT_TARGET = 10.15;
				MTL_ENABLE_DEBUG_INFO = INCLUDE_SOURCE;
				MTL_FAST_MATH = YES;
				ONLY_ACTIVE_ARCH = YES;
				SDKROOT = macosx;
				SWIFT_ACTIVE_COMPILATION_CONDITIONS = DEBUG;
				SWIFT_OPTIMIZATION_LEVEL = "-Onone";
			};
			name = Debug;
		};
		90C88A3124DA241200B4E382 /* Release */ = {
			isa = XCBuildConfiguration;
			buildSettings = {
				ALWAYS_SEARCH_USER_PATHS = NO;
				CLANG_ANALYZER_NONNULL = YES;
				CLANG_ANALYZER_NUMBER_OBJECT_CONVERSION = YES_AGGRESSIVE;
				CLANG_CXX_LANGUAGE_STANDARD = "gnu++14";
				CLANG_CXX_LIBRARY = "libc++";
				CLANG_ENABLE_MODULES = YES;
				CLANG_ENABLE_OBJC_ARC = YES;
				CLANG_ENABLE_OBJC_WEAK = YES;
				CLANG_WARN_BLOCK_CAPTURE_AUTORELEASING = YES;
				CLANG_WARN_BOOL_CONVERSION = YES;
				CLANG_WARN_COMMA = YES;
				CLANG_WARN_CONSTANT_CONVERSION = YES;
				CLANG_WARN_DEPRECATED_OBJC_IMPLEMENTATIONS = YES;
				CLANG_WARN_DIRECT_OBJC_ISA_USAGE = YES_ERROR;
				CLANG_WARN_DOCUMENTATION_COMMENTS = YES;
				CLANG_WARN_EMPTY_BODY = YES;
				CLANG_WARN_ENUM_CONVERSION = YES;
				CLANG_WARN_INFINITE_RECURSION = YES;
				CLANG_WARN_INT_CONVERSION = YES;
				CLANG_WARN_NON_LITERAL_NULL_CONVERSION = YES;
				CLANG_WARN_OBJC_IMPLICIT_RETAIN_SELF = YES;
				CLANG_WARN_OBJC_LITERAL_CONVERSION = YES;
				CLANG_WARN_OBJC_ROOT_CLASS = YES_ERROR;
				CLANG_WARN_QUOTED_INCLUDE_IN_FRAMEWORK_HEADER = YES;
				CLANG_WARN_RANGE_LOOP_ANALYSIS = YES;
				CLANG_WARN_STRICT_PROTOTYPES = YES;
				CLANG_WARN_SUSPICIOUS_MOVE = YES;
				CLANG_WARN_UNGUARDED_AVAILABILITY = YES_AGGRESSIVE;
				CLANG_WARN_UNREACHABLE_CODE = YES;
				CLANG_WARN__DUPLICATE_METHOD_MATCH = YES;
				COPY_PHASE_STRIP = NO;
				DEBUG_INFORMATION_FORMAT = "dwarf-with-dsym";
				ENABLE_NS_ASSERTIONS = NO;
				ENABLE_STRICT_OBJC_MSGSEND = YES;
				GCC_C_LANGUAGE_STANDARD = gnu11;
				GCC_NO_COMMON_BLOCKS = YES;
				GCC_WARN_64_TO_32_BIT_CONVERSION = YES;
				GCC_WARN_ABOUT_RETURN_TYPE = YES_ERROR;
				GCC_WARN_UNDECLARED_SELECTOR = YES;
				GCC_WARN_UNINITIALIZED_AUTOS = YES_AGGRESSIVE;
				GCC_WARN_UNUSED_FUNCTION = YES;
				GCC_WARN_UNUSED_VARIABLE = YES;
				MACOSX_DEPLOYMENT_TARGET = 10.15;
				MTL_ENABLE_DEBUG_INFO = NO;
				MTL_FAST_MATH = YES;
				SDKROOT = macosx;
				SWIFT_COMPILATION_MODE = wholemodule;
				SWIFT_OPTIMIZATION_LEVEL = "-O";
			};
			name = Release;
		};
		90C88A3324DA241200B4E382 /* Debug */ = {
			isa = XCBuildConfiguration;
			buildSettings = {
				ASSETCATALOG_COMPILER_APPICON_NAME = AppIcon;
				CLANG_ENABLE_MODULES = YES;
				CODE_SIGN_ENTITLEMENTS = Go/Go.entitlements;
				CODE_SIGN_IDENTITY = "-";
				CODE_SIGN_STYLE = Automatic;
				COMBINE_HIDPI_IMAGES = YES;
				DEVELOPMENT_TEAM = RWVTTVMWBE;
				ENABLE_HARDENED_RUNTIME = YES;
				INFOPLIST_FILE = Go/Info.plist;
				LD_RUNPATH_SEARCH_PATHS = (
					"$(inherited)",
					"@executable_path/../Frameworks",
				);
				PRODUCT_BUNDLE_IDENTIFIER = com.resonance.Go;
				PRODUCT_NAME = "$(TARGET_NAME)";
				SWIFT_OBJC_BRIDGING_HEADER = "Go/GTP/Go-Bridging-Header.h";
				SWIFT_OPTIMIZATION_LEVEL = "-Onone";
				SWIFT_VERSION = 5.0;
			};
			name = Debug;
		};
		90C88A3424DA241200B4E382 /* Release */ = {
			isa = XCBuildConfiguration;
			buildSettings = {
				ASSETCATALOG_COMPILER_APPICON_NAME = AppIcon;
				CLANG_ENABLE_MODULES = YES;
				CODE_SIGN_ENTITLEMENTS = Go/Go.entitlements;
				CODE_SIGN_IDENTITY = "-";
				CODE_SIGN_STYLE = Automatic;
				COMBINE_HIDPI_IMAGES = YES;
				DEVELOPMENT_TEAM = RWVTTVMWBE;
				ENABLE_HARDENED_RUNTIME = YES;
				INFOPLIST_FILE = Go/Info.plist;
				LD_RUNPATH_SEARCH_PATHS = (
					"$(inherited)",
					"@executable_path/../Frameworks",
				);
				PRODUCT_BUNDLE_IDENTIFIER = com.resonance.Go;
				PRODUCT_NAME = "$(TARGET_NAME)";
				SWIFT_OBJC_BRIDGING_HEADER = "Go/GTP/Go-Bridging-Header.h";
				SWIFT_VERSION = 5.0;
			};
			name = Release;
		};
		90C88A3624DA241200B4E382 /* Debug */ = {
			isa = XCBuildConfiguration;
			buildSettings = {
				ALWAYS_EMBED_SWIFT_STANDARD_LIBRARIES = YES;
				BUNDLE_LOADER = "$(TEST_HOST)";
				CODE_SIGN_STYLE = Automatic;
				COMBINE_HIDPI_IMAGES = YES;
				DEVELOPMENT_TEAM = RWVTTVMWBE;
				INFOPLIST_FILE = GoTests/Info.plist;
				LD_RUNPATH_SEARCH_PATHS = (
					"$(inherited)",
					"@executable_path/../Frameworks",
					"@loader_path/../Frameworks",
				);
				MACOSX_DEPLOYMENT_TARGET = 10.15;
				PRODUCT_BUNDLE_IDENTIFIER = com.resonance.GoTests;
				PRODUCT_NAME = "$(TARGET_NAME)";
				SWIFT_VERSION = 5.0;
				TEST_HOST = "$(BUILT_PRODUCTS_DIR)/Go.app/Contents/MacOS/Go";
			};
			name = Debug;
		};
		90C88A3724DA241200B4E382 /* Release */ = {
			isa = XCBuildConfiguration;
			buildSettings = {
				ALWAYS_EMBED_SWIFT_STANDARD_LIBRARIES = YES;
				BUNDLE_LOADER = "$(TEST_HOST)";
				CODE_SIGN_STYLE = Automatic;
				COMBINE_HIDPI_IMAGES = YES;
				DEVELOPMENT_TEAM = RWVTTVMWBE;
				INFOPLIST_FILE = GoTests/Info.plist;
				LD_RUNPATH_SEARCH_PATHS = (
					"$(inherited)",
					"@executable_path/../Frameworks",
					"@loader_path/../Frameworks",
				);
				MACOSX_DEPLOYMENT_TARGET = 10.15;
				PRODUCT_BUNDLE_IDENTIFIER = com.resonance.GoTests;
				PRODUCT_NAME = "$(TARGET_NAME)";
				SWIFT_VERSION = 5.0;
				TEST_HOST = "$(BUILT_PRODUCTS_DIR)/Go.app/Contents/MacOS/Go";
			};
			name = Release;
		};
		90C88A3924DA241200B4E382 /* Debug */ = {
			isa = XCBuildConfiguration;
			buildSettings = {
				ALWAYS_EMBED_SWIFT_STANDARD_LIBRARIES = YES;
				CODE_SIGN_STYLE = Automatic;
				COMBINE_HIDPI_IMAGES = YES;
				DEVELOPMENT_TEAM = RWVTTVMWBE;
				INFOPLIST_FILE = GoUITests/Info.plist;
				LD_RUNPATH_SEARCH_PATHS = (
					"$(inherited)",
					"@executable_path/../Frameworks",
					"@loader_path/../Frameworks",
				);
				PRODUCT_BUNDLE_IDENTIFIER = com.resonance.GoUITests;
				PRODUCT_NAME = "$(TARGET_NAME)";
				SWIFT_VERSION = 5.0;
				TEST_TARGET_NAME = Go;
			};
			name = Debug;
		};
		90C88A3A24DA241200B4E382 /* Release */ = {
			isa = XCBuildConfiguration;
			buildSettings = {
				ALWAYS_EMBED_SWIFT_STANDARD_LIBRARIES = YES;
				CODE_SIGN_STYLE = Automatic;
				COMBINE_HIDPI_IMAGES = YES;
				DEVELOPMENT_TEAM = RWVTTVMWBE;
				INFOPLIST_FILE = GoUITests/Info.plist;
				LD_RUNPATH_SEARCH_PATHS = (
					"$(inherited)",
					"@executable_path/../Frameworks",
					"@loader_path/../Frameworks",
				);
				PRODUCT_BUNDLE_IDENTIFIER = com.resonance.GoUITests;
				PRODUCT_NAME = "$(TARGET_NAME)";
				SWIFT_VERSION = 5.0;
				TEST_TARGET_NAME = Go;
			};
			name = Release;
		};
/* End XCBuildConfiguration section */

/* Begin XCConfigurationList section */
		90C88A0124DA241000B4E382 /* Build configuration list for PBXProject "Go" */ = {
			isa = XCConfigurationList;
			buildConfigurations = (
				90C88A3024DA241200B4E382 /* Debug */,
				90C88A3124DA241200B4E382 /* Release */,
			);
			defaultConfigurationIsVisible = 0;
			defaultConfigurationName = Release;
		};
		90C88A3224DA241200B4E382 /* Build configuration list for PBXNativeTarget "Go" */ = {
			isa = XCConfigurationList;
			buildConfigurations = (
				90C88A3324DA241200B4E382 /* Debug */,
				90C88A3424DA241200B4E382 /* Release */,
			);
			defaultConfigurationIsVisible = 0;
			defaultConfigurationName = Release;
		};
		90C88A3524DA241200B4E382 /* Build configuration list for PBXNativeTarget "GoTests" */ = {
			isa = XCConfigurationList;
			buildConfigurations = (
				90C88A3624DA241200B4E382 /* Debug */,
				90C88A3724DA241200B4E382 /* Release */,
			);
			defaultConfigurationIsVisible = 0;
			defaultConfigurationName = Release;
		};
		90C88A3824DA241200B4E382 /* Build configuration list for PBXNativeTarget "GoUITests" */ = {
			isa = XCConfigurationList;
			buildConfigurations = (
				90C88A3924DA241200B4E382 /* Debug */,
				90C88A3A24DA241200B4E382 /* Release */,
			);
			defaultConfigurationIsVisible = 0;
			defaultConfigurationName = Release;
		};
/* End XCConfigurationList section */

/* Begin XCRemoteSwiftPackageReference section */
		9089FC5125BB9A7400FBC0CC /* XCRemoteSwiftPackageReference "SmartGameFormat_Swift" */ = {
			isa = XCRemoteSwiftPackageReference;
			repositoryURL = "https://github.com/jaeseung16/SmartGameFormat_Swift";
			requirement = {
				kind = upToNextMajorVersion;
				minimumVersion = 0.1.4;
			};
		};
/* End XCRemoteSwiftPackageReference section */

/* Begin XCSwiftPackageProductDependency section */
		9089FC5225BB9A7400FBC0CC /* SmartGameFormat_Swift */ = {
			isa = XCSwiftPackageProductDependency;
			package = 9089FC5125BB9A7400FBC0CC /* XCRemoteSwiftPackageReference "SmartGameFormat_Swift" */;
			productName = SmartGameFormat_Swift;
		};
/* End XCSwiftPackageProductDependency section */
	};
	rootObject = 90C889FE24DA241000B4E382 /* Project object */;
}
